
Microsoft Visual Studio Solution File, Format Version 12.00
# Visual Studio Version 17
VisualStudioVersion = 17.0.32014.148
MinimumVisualStudioVersion = 10.0.40219.1
Project("{9A19103F-16F7-4668-BE54-9A1E7A4F7556}") = "MessageLog.Infrastructure", "MessageLog.Infrastructure\MessageLog.Infrastructure.csproj", "{CA186A8A-73B5-4F6A-A8AA-2B9F74FCA993}"
EndProject
Project("{9A19103F-16F7-4668-BE54-9A1E7A4F7556}") = "Logging.Service.API", "Logging.Service.API\Logging.Service.API.csproj", "{3CA12E14-185A-4908-8C67-0C79F1C0525D}"
EndProject
Project("{9A19103F-16F7-4668-BE54-9A1E7A4F7556}") = "Logging.Service.Application", "Logging.Service.Application\Logging.Service.Application.csproj", "{BC86E089-D3F1-429E-8E6F-BD4DBEF4D0B4}"
EndProject
Project("{9A19103F-16F7-4668-BE54-9A1E7A4F7556}") = "Logging.Service.API.IntegrationTests", "Logging.Service.API.IntegrationTests\Logging.Service.API.IntegrationTests.csproj", "{6BA3A0A5-39A7-48DD-937D-0D95A916F973}"
EndProject
Global
	GlobalSection(SolutionConfigurationPlatforms) = preSolution
		Debug|Any CPU = Debug|Any CPU
		Release|Any CPU = Release|Any CPU
	EndGlobalSection
	GlobalSection(ProjectConfigurationPlatforms) = postSolution
		{CA186A8A-73B5-4F6A-A8AA-2B9F74FCA993}.Debug|Any CPU.ActiveCfg = Debug|Any CPU
		{CA186A8A-73B5-4F6A-A8AA-2B9F74FCA993}.Debug|Any CPU.Build.0 = Debug|Any CPU
		{CA186A8A-73B5-4F6A-A8AA-2B9F74FCA993}.Release|Any CPU.ActiveCfg = Release|Any CPU
		{CA186A8A-73B5-4F6A-A8AA-2B9F74FCA993}.Release|Any CPU.Build.0 = Release|Any CPU
		{3CA12E14-185A-4908-8C67-0C79F1C0525D}.Debug|Any CPU.ActiveCfg = Debug|Any CPU
		{3CA12E14-185A-4908-8C67-0C79F1C0525D}.Debug|Any CPU.Build.0 = Debug|Any CPU
		{3CA12E14-185A-4908-8C67-0C79F1C0525D}.Release|Any CPU.ActiveCfg = Release|Any CPU
		{3CA12E14-185A-4908-8C67-0C79F1C0525D}.Release|Any CPU.Build.0 = Release|Any CPU
		{BC86E089-D3F1-429E-8E6F-BD4DBEF4D0B4}.Debug|Any CPU.ActiveCfg = Debug|Any CPU
		{BC86E089-D3F1-429E-8E6F-BD4DBEF4D0B4}.Debug|Any CPU.Build.0 = Debug|Any CPU
		{BC86E089-D3F1-429E-8E6F-BD4DBEF4D0B4}.Release|Any CPU.ActiveCfg = Release|Any CPU
		{BC86E089-D3F1-429E-8E6F-BD4DBEF4D0B4}.Release|Any CPU.Build.0 = Release|Any CPU
		{6BA3A0A5-39A7-48DD-937D-0D95A916F973}.Debug|Any CPU.ActiveCfg = Debug|Any CPU
		{6BA3A0A5-39A7-48DD-937D-0D95A916F973}.Debug|Any CPU.Build.0 = Debug|Any CPU
		{6BA3A0A5-39A7-48DD-937D-0D95A916F973}.Release|Any CPU.ActiveCfg = Release|Any CPU
		{6BA3A0A5-39A7-48DD-937D-0D95A916F973}.Release|Any CPU.Build.0 = Release|Any CPU
	EndGlobalSection
	GlobalSection(SolutionProperties) = preSolution
		HideSolutionNode = FALSE
	EndGlobalSection
	GlobalSection(ExtensibilityGlobals) = postSolution
		SolutionGuid = {6082BFD8-8EA0-42B5-A49D-C40DC6AEE3CF}
	EndGlobalSection
EndGlobal
